
Microsoft Visual Studio Solution File, Format Version 12.00
# Visual Studio Version 16
VisualStudioVersion = 16.0.30011.22
MinimumVisualStudioVersion = 10.0.40219.1
Project("{FAE04EC0-301F-11D3-BF4B-00C04F79EFBC}") = "MinhaCreche", "MinhaCreche\MinhaCreche.csproj", "{866E4B2D-1D7E-4963-AACB-93D70534E001}"
EndProject
Global
	GlobalSection(SolutionConfigurationPlatforms) = preSolution
		Debug|Any CPU = Debug|Any CPU
		Release|Any CPU = Release|Any CPU
	EndGlobalSection
	GlobalSection(ProjectConfigurationPlatforms) = postSolution
		{866E4B2D-1D7E-4963-AACB-93D70534E001}.Debug|Any CPU.ActiveCfg = Debug|Any CPU
		{866E4B2D-1D7E-4963-AACB-93D70534E001}.Debug|Any CPU.Build.0 = Debug|Any CPU
		{866E4B2D-1D7E-4963-AACB-93D70534E001}.Release|Any CPU.ActiveCfg = Release|Any CPU
		{866E4B2D-1D7E-4963-AACB-93D70534E001}.Release|Any CPU.Build.0 = Release|Any CPU
	EndGlobalSection
	GlobalSection(SolutionProperties) = preSolution
		HideSolutionNode = FALSE
	EndGlobalSection
	GlobalSection(ExtensibilityGlobals) = postSolution
		SolutionGuid = {A91504F3-8B63-4167-A2AA-16EC1F71BB51}
	EndGlobalSection
EndGlobal
